
Microsoft Visual Studio Solution File, Format Version 12.00
# Visual Studio 15
Project("{FAE04EC0-301F-11D3-BF4B-00C04F79EFBC}") = "Assembly-CSharp", "Assembly-CSharp.csproj", "{DDEA6B6F-9A80-A299-5C2D-513B261EDF84}"
EndProject
Global
	GlobalSection(SolutionConfigurationPlatforms) = preSolution
		Debug|Any CPU = Debug|Any CPU
		Release|Any CPU = Release|Any CPU
	EndGlobalSection
	GlobalSection(ProjectConfigurationPlatforms) = postSolution
		{DDEA6B6F-9A80-A299-5C2D-513B261EDF84}.Debug|Any CPU.ActiveCfg = Debug|Any CPU
		{DDEA6B6F-9A80-A299-5C2D-513B261EDF84}.Debug|Any CPU.Build.0 = Debug|Any CPU
		{DDEA6B6F-9A80-A299-5C2D-513B261EDF84}.Release|Any CPU.ActiveCfg = Release|Any CPU
		{DDEA6B6F-9A80-A299-5C2D-513B261EDF84}.Release|Any CPU.Build.0 = Release|Any CPU
	EndGlobalSection
	GlobalSection(SolutionProperties) = preSolution
		HideSolutionNode = FALSE
	EndGlobalSection
EndGlobal
